
Microsoft Visual Studio Solution File, Format Version 12.00
# Visual Studio 15
VisualStudioVersion = 15.0.26124.0
MinimumVisualStudioVersion = 15.0.26124.0
Project("{FAE04EC0-301F-11D3-BF4B-00C04F79EFBC}") = "DentalSystem.Domain", "DentalSystem.Domain\DentalSystem.Domain.csproj", "{C2092AE7-7CCF-4DD0-97E9-A98ADEDB64B5}"
EndProject
Project("{FAE04EC0-301F-11D3-BF4B-00C04F79EFBC}") = "DentalSystem.Application", "DentalSystem.Application\DentalSystem.Application.csproj", "{38070416-8495-4A11-97A1-A7573CDC2C0C}"
EndProject
Project("{FAE04EC0-301F-11D3-BF4B-00C04F79EFBC}") = "DentalSystem.Infrastructure", "DentalSystem.Infrastructure\DentalSystem.Infrastructure.csproj", "{147379C3-599E-4DBD-9CDE-AF10103E22BF}"
EndProject
Project("{FAE04EC0-301F-11D3-BF4B-00C04F79EFBC}") = "DentalSystem.Startup", "DentalSystem.Startup\DentalSystem.Startup.csproj", "{81F19707-C297-4455-B259-67CB0470CBFB}"
EndProject
Project("{FAE04EC0-301F-11D3-BF4B-00C04F79EFBC}") = "DentalSystem.Web", "DentalSystem.Web\DentalSystem.Web.csproj", "{F396D4BB-A40D-4F1E-AB9C-8F3FE53CE6FF}"
EndProject
Global
	GlobalSection(SolutionConfigurationPlatforms) = preSolution
		Debug|Any CPU = Debug|Any CPU
		Debug|x64 = Debug|x64
		Debug|x86 = Debug|x86
		Release|Any CPU = Release|Any CPU
		Release|x64 = Release|x64
		Release|x86 = Release|x86
	EndGlobalSection
	GlobalSection(SolutionProperties) = preSolution
		HideSolutionNode = FALSE
	EndGlobalSection
	GlobalSection(ProjectConfigurationPlatforms) = postSolution
		{C2092AE7-7CCF-4DD0-97E9-A98ADEDB64B5}.Debug|Any CPU.ActiveCfg = Debug|Any CPU
		{C2092AE7-7CCF-4DD0-97E9-A98ADEDB64B5}.Debug|Any CPU.Build.0 = Debug|Any CPU
		{C2092AE7-7CCF-4DD0-97E9-A98ADEDB64B5}.Debug|x64.ActiveCfg = Debug|Any CPU
		{C2092AE7-7CCF-4DD0-97E9-A98ADEDB64B5}.Debug|x64.Build.0 = Debug|Any CPU
		{C2092AE7-7CCF-4DD0-97E9-A98ADEDB64B5}.Debug|x86.ActiveCfg = Debug|Any CPU
		{C2092AE7-7CCF-4DD0-97E9-A98ADEDB64B5}.Debug|x86.Build.0 = Debug|Any CPU
		{C2092AE7-7CCF-4DD0-97E9-A98ADEDB64B5}.Release|Any CPU.ActiveCfg = Release|Any CPU
		{C2092AE7-7CCF-4DD0-97E9-A98ADEDB64B5}.Release|Any CPU.Build.0 = Release|Any CPU
		{C2092AE7-7CCF-4DD0-97E9-A98ADEDB64B5}.Release|x64.ActiveCfg = Release|Any CPU
		{C2092AE7-7CCF-4DD0-97E9-A98ADEDB64B5}.Release|x64.Build.0 = Release|Any CPU
		{C2092AE7-7CCF-4DD0-97E9-A98ADEDB64B5}.Release|x86.ActiveCfg = Release|Any CPU
		{C2092AE7-7CCF-4DD0-97E9-A98ADEDB64B5}.Release|x86.Build.0 = Release|Any CPU
		{38070416-8495-4A11-97A1-A7573CDC2C0C}.Debug|Any CPU.ActiveCfg = Debug|Any CPU
		{38070416-8495-4A11-97A1-A7573CDC2C0C}.Debug|Any CPU.Build.0 = Debug|Any CPU
		{38070416-8495-4A11-97A1-A7573CDC2C0C}.Debug|x64.ActiveCfg = Debug|Any CPU
		{38070416-8495-4A11-97A1-A7573CDC2C0C}.Debug|x64.Build.0 = Debug|Any CPU
		{38070416-8495-4A11-97A1-A7573CDC2C0C}.Debug|x86.ActiveCfg = Debug|Any CPU
		{38070416-8495-4A11-97A1-A7573CDC2C0C}.Debug|x86.Build.0 = Debug|Any CPU
		{38070416-8495-4A11-97A1-A7573CDC2C0C}.Release|Any CPU.ActiveCfg = Release|Any CPU
		{38070416-8495-4A11-97A1-A7573CDC2C0C}.Release|Any CPU.Build.0 = Release|Any CPU
		{38070416-8495-4A11-97A1-A7573CDC2C0C}.Release|x64.ActiveCfg = Release|Any CPU
		{38070416-8495-4A11-97A1-A7573CDC2C0C}.Release|x64.Build.0 = Release|Any CPU
		{38070416-8495-4A11-97A1-A7573CDC2C0C}.Release|x86.ActiveCfg = Release|Any CPU
		{38070416-8495-4A11-97A1-A7573CDC2C0C}.Release|x86.Build.0 = Release|Any CPU
		{147379C3-599E-4DBD-9CDE-AF10103E22BF}.Debug|Any CPU.ActiveCfg = Debug|Any CPU
		{147379C3-599E-4DBD-9CDE-AF10103E22BF}.Debug|Any CPU.Build.0 = Debug|Any CPU
		{147379C3-599E-4DBD-9CDE-AF10103E22BF}.Debug|x64.ActiveCfg = Debug|Any CPU
		{147379C3-599E-4DBD-9CDE-AF10103E22BF}.Debug|x64.Build.0 = Debug|Any CPU
		{147379C3-599E-4DBD-9CDE-AF10103E22BF}.Debug|x86.ActiveCfg = Debug|Any CPU
		{147379C3-599E-4DBD-9CDE-AF10103E22BF}.Debug|x86.Build.0 = Debug|Any CPU
		{147379C3-599E-4DBD-9CDE-AF10103E22BF}.Release|Any CPU.ActiveCfg = Release|Any CPU
		{147379C3-599E-4DBD-9CDE-AF10103E22BF}.Release|Any CPU.Build.0 = Release|Any CPU
		{147379C3-599E-4DBD-9CDE-AF10103E22BF}.Release|x64.ActiveCfg = Release|Any CPU
		{147379C3-599E-4DBD-9CDE-AF10103E22BF}.Release|x64.Build.0 = Release|Any CPU
		{147379C3-599E-4DBD-9CDE-AF10103E22BF}.Release|x86.ActiveCfg = Release|Any CPU
		{147379C3-599E-4DBD-9CDE-AF10103E22BF}.Release|x86.Build.0 = Release|Any CPU
		{81F19707-C297-4455-B259-67CB0470CBFB}.Debug|Any CPU.ActiveCfg = Debug|Any CPU
		{81F19707-C297-4455-B259-67CB0470CBFB}.Debug|Any CPU.Build.0 = Debug|Any CPU
		{81F19707-C297-4455-B259-67CB0470CBFB}.Debug|x64.ActiveCfg = Debug|Any CPU
		{81F19707-C297-4455-B259-67CB0470CBFB}.Debug|x64.Build.0 = Debug|Any CPU
		{81F19707-C297-4455-B259-67CB0470CBFB}.Debug|x86.ActiveCfg = Debug|Any CPU
		{81F19707-C297-4455-B259-67CB0470CBFB}.Debug|x86.Build.0 = Debug|Any CPU
		{81F19707-C297-4455-B259-67CB0470CBFB}.Release|Any CPU.ActiveCfg = Release|Any CPU
		{81F19707-C297-4455-B259-67CB0470CBFB}.Release|Any CPU.Build.0 = Release|Any CPU
		{81F19707-C297-4455-B259-67CB0470CBFB}.Release|x64.ActiveCfg = Release|Any CPU
		{81F19707-C297-4455-B259-67CB0470CBFB}.Release|x64.Build.0 = Release|Any CPU
		{81F19707-C297-4455-B259-67CB0470CBFB}.Release|x86.ActiveCfg = Release|Any CPU
		{81F19707-C297-4455-B259-67CB0470CBFB}.Release|x86.Build.0 = Release|Any CPU
		{F396D4BB-A40D-4F1E-AB9C-8F3FE53CE6FF}.Debug|Any CPU.ActiveCfg = Debug|Any CPU
		{F396D4BB-A40D-4F1E-AB9C-8F3FE53CE6FF}.Debug|Any CPU.Build.0 = Debug|Any CPU
		{F396D4BB-A40D-4F1E-AB9C-8F3FE53CE6FF}.Debug|x64.ActiveCfg = Debug|Any CPU
		{F396D4BB-A40D-4F1E-AB9C-8F3FE53CE6FF}.Debug|x64.Build.0 = Debug|Any CPU
		{F396D4BB-A40D-4F1E-AB9C-8F3FE53CE6FF}.Debug|x86.ActiveCfg = Debug|Any CPU
		{F396D4BB-A40D-4F1E-AB9C-8F3FE53CE6FF}.Debug|x86.Build.0 = Debug|Any CPU
		{F396D4BB-A40D-4F1E-AB9C-8F3FE53CE6FF}.Release|Any CPU.ActiveCfg = Release|Any CPU
		{F396D4BB-A40D-4F1E-AB9C-8F3FE53CE6FF}.Release|Any CPU.Build.0 = Release|Any CPU
		{F396D4BB-A40D-4F1E-AB9C-8F3FE53CE6FF}.Release|x64.ActiveCfg = Release|Any CPU
		{F396D4BB-A40D-4F1E-AB9C-8F3FE53CE6FF}.Release|x64.Build.0 = Release|Any CPU
		{F396D4BB-A40D-4F1E-AB9C-8F3FE53CE6FF}.Release|x86.ActiveCfg = Release|Any CPU
		{F396D4BB-A40D-4F1E-AB9C-8F3FE53CE6FF}.Release|x86.Build.0 = Release|Any CPU
	EndGlobalSection
EndGlobal
